
Microsoft Visual Studio Solution File, Format Version 12.00
# Visual Studio Version 16
VisualStudioVersion = 16.0.30011.22
MinimumVisualStudioVersion = 10.0.40219.1
Project("{9A19103F-16F7-4668-BE54-9A1E7A4F7556}") = "Storage", "Storage\Storage.csproj", "{F42000C4-C132-4301-B983-F510885AAA80}"
EndProject
Project("{9A19103F-16F7-4668-BE54-9A1E7A4F7556}") = "Storage.Impl", "Storage.Impl\Storage.Impl.csproj", "{4A1CE5C9-D4C0-4392-9B01-6DFCBA92F083}"
EndProject
Project("{9A19103F-16F7-4668-BE54-9A1E7A4F7556}") = "Storage.v2", "Storage.v2\Storage.v2.csproj", "{84CEEBEB-5815-4B00-B72F-D21265447787}"
EndProject
Project("{9A19103F-16F7-4668-BE54-9A1E7A4F7556}") = "Storage.v2.Tests", "Storage.v2.Tests\Storage.v2.Tests.csproj", "{3A3BB500-ED1E-49A0-812F-260055A97A5E}"
EndProject
Project("{9A19103F-16F7-4668-BE54-9A1E7A4F7556}") = "Storage.Tests", "Storage.Tests\Storage.Tests.csproj", "{04118835-5EE6-4AA0-82AF-D625C85A553C}"
EndProject
Project("{2150E333-8FDC-42A3-9474-1A3956D46DE8}") = "version", "version", "{63FF2F30-558F-4244-B68D-520C2713AB7B}"
EndProject
Project("{2150E333-8FDC-42A3-9474-1A3956D46DE8}") = "v1", "v1", "{C850E7DC-643E-406C-8F2B-D90AFCC2D90F}"
EndProject
Project("{2150E333-8FDC-42A3-9474-1A3956D46DE8}") = "v2", "v2", "{6AF05EAD-3CB6-4532-9062-9F87D1EC497C}"
EndProject
Project("{2150E333-8FDC-42A3-9474-1A3956D46DE8}") = "v3", "v3", "{3829D53B-5EA4-47FA-B3C0-7CF5937C47CB}"
EndProject
Project("{9A19103F-16F7-4668-BE54-9A1E7A4F7556}") = "Storage.v3", "Storage.v3\Storage.v3.csproj", "{DD44F90C-F498-4720-97E4-691F7671539D}"
EndProject
Project("{9A19103F-16F7-4668-BE54-9A1E7A4F7556}") = "Storage.v3.Tests", "Storage.v3.Tests\Storage.v3.Tests.csproj", "{B33E3774-2288-44E8-93D1-156992B4EA2F}"
EndProject
Project("{2150E333-8FDC-42A3-9474-1A3956D46DE8}") = "Solution Items", "Solution Items", "{A0783988-5A0A-4D0E-9526-63CBDE29529C}"
	ProjectSection(SolutionItems) = preProject
		..\LICENSE = ..\LICENSE
		..\README.md = ..\README.md
	EndProjectSection
EndProject
Global
	GlobalSection(SolutionConfigurationPlatforms) = preSolution
		Debug|Any CPU = Debug|Any CPU
		Release|Any CPU = Release|Any CPU
	EndGlobalSection
	GlobalSection(ProjectConfigurationPlatforms) = postSolution
		{F42000C4-C132-4301-B983-F510885AAA80}.Debug|Any CPU.ActiveCfg = Debug|Any CPU
		{F42000C4-C132-4301-B983-F510885AAA80}.Debug|Any CPU.Build.0 = Debug|Any CPU
		{F42000C4-C132-4301-B983-F510885AAA80}.Release|Any CPU.ActiveCfg = Release|Any CPU
		{F42000C4-C132-4301-B983-F510885AAA80}.Release|Any CPU.Build.0 = Release|Any CPU
		{4A1CE5C9-D4C0-4392-9B01-6DFCBA92F083}.Debug|Any CPU.ActiveCfg = Debug|Any CPU
		{4A1CE5C9-D4C0-4392-9B01-6DFCBA92F083}.Debug|Any CPU.Build.0 = Debug|Any CPU
		{4A1CE5C9-D4C0-4392-9B01-6DFCBA92F083}.Release|Any CPU.ActiveCfg = Release|Any CPU
		{4A1CE5C9-D4C0-4392-9B01-6DFCBA92F083}.Release|Any CPU.Build.0 = Release|Any CPU
		{84CEEBEB-5815-4B00-B72F-D21265447787}.Debug|Any CPU.ActiveCfg = Debug|Any CPU
		{84CEEBEB-5815-4B00-B72F-D21265447787}.Debug|Any CPU.Build.0 = Debug|Any CPU
		{84CEEBEB-5815-4B00-B72F-D21265447787}.Release|Any CPU.ActiveCfg = Release|Any CPU
		{84CEEBEB-5815-4B00-B72F-D21265447787}.Release|Any CPU.Build.0 = Release|Any CPU
		{3A3BB500-ED1E-49A0-812F-260055A97A5E}.Debug|Any CPU.ActiveCfg = Debug|Any CPU
		{3A3BB500-ED1E-49A0-812F-260055A97A5E}.Debug|Any CPU.Build.0 = Debug|Any CPU
		{3A3BB500-ED1E-49A0-812F-260055A97A5E}.Release|Any CPU.ActiveCfg = Release|Any CPU
		{3A3BB500-ED1E-49A0-812F-260055A97A5E}.Release|Any CPU.Build.0 = Release|Any CPU
		{04118835-5EE6-4AA0-82AF-D625C85A553C}.Debug|Any CPU.ActiveCfg = Debug|Any CPU
		{04118835-5EE6-4AA0-82AF-D625C85A553C}.Debug|Any CPU.Build.0 = Debug|Any CPU
		{04118835-5EE6-4AA0-82AF-D625C85A553C}.Release|Any CPU.ActiveCfg = Release|Any CPU
		{04118835-5EE6-4AA0-82AF-D625C85A553C}.Release|Any CPU.Build.0 = Release|Any CPU
		{DD44F90C-F498-4720-97E4-691F7671539D}.Debug|Any CPU.ActiveCfg = Debug|Any CPU
		{DD44F90C-F498-4720-97E4-691F7671539D}.Debug|Any CPU.Build.0 = Debug|Any CPU
		{DD44F90C-F498-4720-97E4-691F7671539D}.Release|Any CPU.ActiveCfg = Release|Any CPU
		{DD44F90C-F498-4720-97E4-691F7671539D}.Release|Any CPU.Build.0 = Release|Any CPU
		{B33E3774-2288-44E8-93D1-156992B4EA2F}.Debug|Any CPU.ActiveCfg = Debug|Any CPU
		{B33E3774-2288-44E8-93D1-156992B4EA2F}.Debug|Any CPU.Build.0 = Debug|Any CPU
		{B33E3774-2288-44E8-93D1-156992B4EA2F}.Release|Any CPU.ActiveCfg = Release|Any CPU
		{B33E3774-2288-44E8-93D1-156992B4EA2F}.Release|Any CPU.Build.0 = Release|Any CPU
	EndGlobalSection
	GlobalSection(SolutionProperties) = preSolution
		HideSolutionNode = FALSE
	EndGlobalSection
	GlobalSection(NestedProjects) = preSolution
		{F42000C4-C132-4301-B983-F510885AAA80} = {C850E7DC-643E-406C-8F2B-D90AFCC2D90F}
		{4A1CE5C9-D4C0-4392-9B01-6DFCBA92F083} = {C850E7DC-643E-406C-8F2B-D90AFCC2D90F}
		{84CEEBEB-5815-4B00-B72F-D21265447787} = {6AF05EAD-3CB6-4532-9062-9F87D1EC497C}
		{3A3BB500-ED1E-49A0-812F-260055A97A5E} = {6AF05EAD-3CB6-4532-9062-9F87D1EC497C}
		{04118835-5EE6-4AA0-82AF-D625C85A553C} = {C850E7DC-643E-406C-8F2B-D90AFCC2D90F}
		{C850E7DC-643E-406C-8F2B-D90AFCC2D90F} = {63FF2F30-558F-4244-B68D-520C2713AB7B}
		{6AF05EAD-3CB6-4532-9062-9F87D1EC497C} = {63FF2F30-558F-4244-B68D-520C2713AB7B}
		{3829D53B-5EA4-47FA-B3C0-7CF5937C47CB} = {63FF2F30-558F-4244-B68D-520C2713AB7B}
		{DD44F90C-F498-4720-97E4-691F7671539D} = {3829D53B-5EA4-47FA-B3C0-7CF5937C47CB}
		{B33E3774-2288-44E8-93D1-156992B4EA2F} = {3829D53B-5EA4-47FA-B3C0-7CF5937C47CB}
	EndGlobalSection
	GlobalSection(ExtensibilityGlobals) = postSolution
		SolutionGuid = {09482DBF-4467-493D-9140-533F598A405F}
	EndGlobalSection
EndGlobal
